
Microsoft Visual Studio Solution File, Format Version 12.00
# Visual Studio Version 17
VisualStudioVersion = 17.4.33213.308
MinimumVisualStudioVersion = 10.0.40219.1
Project("{FAE04EC0-301F-11D3-BF4B-00C04F79EFBC}") = "State", "State.csproj", "{3BB7024F-D256-4971-911A-18241BDCC4CE}"
EndProject
Global
	GlobalSection(SolutionConfigurationPlatforms) = preSolution
		Debug|Any CPU = Debug|Any CPU
		Release|Any CPU = Release|Any CPU
	EndGlobalSection
	GlobalSection(ProjectConfigurationPlatforms) = postSolution
		{3BB7024F-D256-4971-911A-18241BDCC4CE}.Debug|Any CPU.ActiveCfg = Debug|Any CPU
		{3BB7024F-D256-4971-911A-18241BDCC4CE}.Debug|Any CPU.Build.0 = Debug|Any CPU
		{3BB7024F-D256-4971-911A-18241BDCC4CE}.Release|Any CPU.ActiveCfg = Release|Any CPU
		{3BB7024F-D256-4971-911A-18241BDCC4CE}.Release|Any CPU.Build.0 = Release|Any CPU
	EndGlobalSection
	GlobalSection(SolutionProperties) = preSolution
		HideSolutionNode = FALSE
	EndGlobalSection
	GlobalSection(ExtensibilityGlobals) = postSolution
		SolutionGuid = {32CD6500-99DE-45E1-8194-BA2FEEF9B0D9}
	EndGlobalSection
EndGlobal
