
Microsoft Visual Studio Solution File, Format Version 12.00
# Visual Studio Version 17
VisualStudioVersion = 17.4.33213.308
MinimumVisualStudioVersion = 10.0.40219.1
Project("{FAE04EC0-301F-11D3-BF4B-00C04F79EFBC}") = "Singleton", "Singleton.csproj", "{2F0CE360-D594-4FF4-9990-2E572B43C615}"
EndProject
Global
	GlobalSection(SolutionConfigurationPlatforms) = preSolution
		Debug|Any CPU = Debug|Any CPU
		Release|Any CPU = Release|Any CPU
	EndGlobalSection
	GlobalSection(ProjectConfigurationPlatforms) = postSolution
		{2F0CE360-D594-4FF4-9990-2E572B43C615}.Debug|Any CPU.ActiveCfg = Debug|Any CPU
		{2F0CE360-D594-4FF4-9990-2E572B43C615}.Debug|Any CPU.Build.0 = Debug|Any CPU
		{2F0CE360-D594-4FF4-9990-2E572B43C615}.Release|Any CPU.ActiveCfg = Release|Any CPU
		{2F0CE360-D594-4FF4-9990-2E572B43C615}.Release|Any CPU.Build.0 = Release|Any CPU
	EndGlobalSection
	GlobalSection(SolutionProperties) = preSolution
		HideSolutionNode = FALSE
	EndGlobalSection
	GlobalSection(ExtensibilityGlobals) = postSolution
		SolutionGuid = {03C977AA-FA52-4CB3-B802-20768A19CC43}
	EndGlobalSection
EndGlobal
