
Microsoft Visual Studio Solution File, Format Version 12.00
# Visual Studio Version 17
VisualStudioVersion = 17.4.33213.308
MinimumVisualStudioVersion = 10.0.40219.1
Project("{FAE04EC0-301F-11D3-BF4B-00C04F79EFBC}") = "Facade", "Facade.csproj", "{1BDA1015-6B6F-4D38-AE2C-D74C724B3B80}"
EndProject
Global
	GlobalSection(SolutionConfigurationPlatforms) = preSolution
		Debug|Any CPU = Debug|Any CPU
		Release|Any CPU = Release|Any CPU
	EndGlobalSection
	GlobalSection(ProjectConfigurationPlatforms) = postSolution
		{1BDA1015-6B6F-4D38-AE2C-D74C724B3B80}.Debug|Any CPU.ActiveCfg = Debug|Any CPU
		{1BDA1015-6B6F-4D38-AE2C-D74C724B3B80}.Debug|Any CPU.Build.0 = Debug|Any CPU
		{1BDA1015-6B6F-4D38-AE2C-D74C724B3B80}.Release|Any CPU.ActiveCfg = Release|Any CPU
		{1BDA1015-6B6F-4D38-AE2C-D74C724B3B80}.Release|Any CPU.Build.0 = Release|Any CPU
	EndGlobalSection
	GlobalSection(SolutionProperties) = preSolution
		HideSolutionNode = FALSE
	EndGlobalSection
	GlobalSection(ExtensibilityGlobals) = postSolution
		SolutionGuid = {B449C1ED-E263-4247-9128-E2B3273D0B8E}
	EndGlobalSection
EndGlobal
